
Microsoft Visual Studio Solution File, Format Version 12.00
# Visual Studio Version 17
VisualStudioVersion = 17.9.34723.18
MinimumVisualStudioVersion = 10.0.40219.1
Project("{9A19103F-16F7-4668-BE54-9A1E7A4F7556}") = "ChatRoom.Backend", "ChatRoom.Backend\ChatRoom.Backend.csproj", "{A3FA0A94-2D30-4B58-AEFB-6E6D9E6CBA16}"
EndProject
Project("{9A19103F-16F7-4668-BE54-9A1E7A4F7556}") = "Contracts", "Contracts\Contracts.csproj", "{9289F9BA-6981-44F5-8A6E-853A1AC28D0F}"
EndProject
Project("{9A19103F-16F7-4668-BE54-9A1E7A4F7556}") = "LoggerService", "LoggerService\LoggerService.csproj", "{83336AEE-6DD1-4522-AD60-1F310E648856}"
EndProject
Project("{9A19103F-16F7-4668-BE54-9A1E7A4F7556}") = "Entities", "Entities\Entities.csproj", "{31EA30E6-C7FE-4A14-BAA9-DACA1D7C5A13}"
EndProject
Project("{9A19103F-16F7-4668-BE54-9A1E7A4F7556}") = "Repository", "Repository\Repository.csproj", "{CAD91550-D8B3-4B8A-9E4D-5C0320673157}"
EndProject
Project("{9A19103F-16F7-4668-BE54-9A1E7A4F7556}") = "Service.Contracts", "Service.Contracts\Service.Contracts.csproj", "{94D7BECC-AD26-4742-BDD8-3D0998D643A2}"
EndProject
Project("{9A19103F-16F7-4668-BE54-9A1E7A4F7556}") = "Service", "Service\Service.csproj", "{9706751C-0682-42C2-A7BA-867C2450EECB}"
EndProject
Project("{9A19103F-16F7-4668-BE54-9A1E7A4F7556}") = "ChatRoom.Backend.Presentation", "ChatRoom.Backend.Presentation\ChatRoom.Backend.Presentation.csproj", "{D95B8C56-0C9C-4F55-BA49-CB000EDF17BC}"
EndProject
Project("{9A19103F-16F7-4668-BE54-9A1E7A4F7556}") = "Shared", "Shared\Shared.csproj", "{8BFD4042-F5E9-4D47-86B5-5114CD997049}"
EndProject
Project("{9A19103F-16F7-4668-BE54-9A1E7A4F7556}") = "RedisCacheService", "RedisCacheService\RedisCacheService.csproj", "{5F9CD46C-9F71-40E5-8F0B-8452E49AAD40}"
EndProject
Project("{9A19103F-16F7-4668-BE54-9A1E7A4F7556}") = "ChatRoom.UnitTest", "ChatRoom.Tests\ChatRoom.UnitTest.csproj", "{2FD8FF0D-DB97-4FF8-9210-00F3776D6F32}"
EndProject
Project("{9A19103F-16F7-4668-BE54-9A1E7A4F7556}") = "FileService", "FileService\FileService.csproj", "{489ACCAA-A7DA-4E88-AA0F-B4CB6D89AFC9}"
EndProject
Project("{9A19103F-16F7-4668-BE54-9A1E7A4F7556}") = "SmtpClientService", "SmtpClientService\SmtpClientService.csproj", "{4A08CA3A-AC3B-488E-B423-8C843C8E73CE}"
EndProject
Project("{FAE04EC0-301F-11D3-BF4B-00C04F79EFBC}") = "ChatRoom.UITest", "ChatRoom.UITest\ChatRoom.UITest.csproj", "{E1C63902-A817-47DF-84B6-FA6D1B9B0920}"
EndProject
Global
	GlobalSection(SolutionConfigurationPlatforms) = preSolution
		Debug|Any CPU = Debug|Any CPU
		Release|Any CPU = Release|Any CPU
	EndGlobalSection
	GlobalSection(ProjectConfigurationPlatforms) = postSolution
		{A3FA0A94-2D30-4B58-AEFB-6E6D9E6CBA16}.Debug|Any CPU.ActiveCfg = Debug|Any CPU
		{A3FA0A94-2D30-4B58-AEFB-6E6D9E6CBA16}.Debug|Any CPU.Build.0 = Debug|Any CPU
		{A3FA0A94-2D30-4B58-AEFB-6E6D9E6CBA16}.Release|Any CPU.ActiveCfg = Release|Any CPU
		{A3FA0A94-2D30-4B58-AEFB-6E6D9E6CBA16}.Release|Any CPU.Build.0 = Release|Any CPU
		{9289F9BA-6981-44F5-8A6E-853A1AC28D0F}.Debug|Any CPU.ActiveCfg = Debug|Any CPU
		{9289F9BA-6981-44F5-8A6E-853A1AC28D0F}.Debug|Any CPU.Build.0 = Debug|Any CPU
		{9289F9BA-6981-44F5-8A6E-853A1AC28D0F}.Release|Any CPU.ActiveCfg = Release|Any CPU
		{9289F9BA-6981-44F5-8A6E-853A1AC28D0F}.Release|Any CPU.Build.0 = Release|Any CPU
		{83336AEE-6DD1-4522-AD60-1F310E648856}.Debug|Any CPU.ActiveCfg = Debug|Any CPU
		{83336AEE-6DD1-4522-AD60-1F310E648856}.Debug|Any CPU.Build.0 = Debug|Any CPU
		{83336AEE-6DD1-4522-AD60-1F310E648856}.Release|Any CPU.ActiveCfg = Release|Any CPU
		{83336AEE-6DD1-4522-AD60-1F310E648856}.Release|Any CPU.Build.0 = Release|Any CPU
		{31EA30E6-C7FE-4A14-BAA9-DACA1D7C5A13}.Debug|Any CPU.ActiveCfg = Debug|Any CPU
		{31EA30E6-C7FE-4A14-BAA9-DACA1D7C5A13}.Debug|Any CPU.Build.0 = Debug|Any CPU
		{31EA30E6-C7FE-4A14-BAA9-DACA1D7C5A13}.Release|Any CPU.ActiveCfg = Release|Any CPU
		{31EA30E6-C7FE-4A14-BAA9-DACA1D7C5A13}.Release|Any CPU.Build.0 = Release|Any CPU
		{CAD91550-D8B3-4B8A-9E4D-5C0320673157}.Debug|Any CPU.ActiveCfg = Debug|Any CPU
		{CAD91550-D8B3-4B8A-9E4D-5C0320673157}.Debug|Any CPU.Build.0 = Debug|Any CPU
		{CAD91550-D8B3-4B8A-9E4D-5C0320673157}.Release|Any CPU.ActiveCfg = Release|Any CPU
		{CAD91550-D8B3-4B8A-9E4D-5C0320673157}.Release|Any CPU.Build.0 = Release|Any CPU
		{94D7BECC-AD26-4742-BDD8-3D0998D643A2}.Debug|Any CPU.ActiveCfg = Debug|Any CPU
		{94D7BECC-AD26-4742-BDD8-3D0998D643A2}.Debug|Any CPU.Build.0 = Debug|Any CPU
		{94D7BECC-AD26-4742-BDD8-3D0998D643A2}.Release|Any CPU.ActiveCfg = Release|Any CPU
		{94D7BECC-AD26-4742-BDD8-3D0998D643A2}.Release|Any CPU.Build.0 = Release|Any CPU
		{9706751C-0682-42C2-A7BA-867C2450EECB}.Debug|Any CPU.ActiveCfg = Debug|Any CPU
		{9706751C-0682-42C2-A7BA-867C2450EECB}.Debug|Any CPU.Build.0 = Debug|Any CPU
		{9706751C-0682-42C2-A7BA-867C2450EECB}.Release|Any CPU.ActiveCfg = Release|Any CPU
		{9706751C-0682-42C2-A7BA-867C2450EECB}.Release|Any CPU.Build.0 = Release|Any CPU
		{D95B8C56-0C9C-4F55-BA49-CB000EDF17BC}.Debug|Any CPU.ActiveCfg = Debug|Any CPU
		{D95B8C56-0C9C-4F55-BA49-CB000EDF17BC}.Debug|Any CPU.Build.0 = Debug|Any CPU
		{D95B8C56-0C9C-4F55-BA49-CB000EDF17BC}.Release|Any CPU.ActiveCfg = Release|Any CPU
		{D95B8C56-0C9C-4F55-BA49-CB000EDF17BC}.Release|Any CPU.Build.0 = Release|Any CPU
		{8BFD4042-F5E9-4D47-86B5-5114CD997049}.Debug|Any CPU.ActiveCfg = Debug|Any CPU
		{8BFD4042-F5E9-4D47-86B5-5114CD997049}.Debug|Any CPU.Build.0 = Debug|Any CPU
		{8BFD4042-F5E9-4D47-86B5-5114CD997049}.Release|Any CPU.ActiveCfg = Release|Any CPU
		{8BFD4042-F5E9-4D47-86B5-5114CD997049}.Release|Any CPU.Build.0 = Release|Any CPU
		{5F9CD46C-9F71-40E5-8F0B-8452E49AAD40}.Debug|Any CPU.ActiveCfg = Debug|Any CPU
		{5F9CD46C-9F71-40E5-8F0B-8452E49AAD40}.Debug|Any CPU.Build.0 = Debug|Any CPU
		{5F9CD46C-9F71-40E5-8F0B-8452E49AAD40}.Release|Any CPU.ActiveCfg = Release|Any CPU
		{5F9CD46C-9F71-40E5-8F0B-8452E49AAD40}.Release|Any CPU.Build.0 = Release|Any CPU
		{2FD8FF0D-DB97-4FF8-9210-00F3776D6F32}.Debug|Any CPU.ActiveCfg = Debug|Any CPU
		{2FD8FF0D-DB97-4FF8-9210-00F3776D6F32}.Debug|Any CPU.Build.0 = Debug|Any CPU
		{2FD8FF0D-DB97-4FF8-9210-00F3776D6F32}.Release|Any CPU.ActiveCfg = Release|Any CPU
		{2FD8FF0D-DB97-4FF8-9210-00F3776D6F32}.Release|Any CPU.Build.0 = Release|Any CPU
		{489ACCAA-A7DA-4E88-AA0F-B4CB6D89AFC9}.Debug|Any CPU.ActiveCfg = Debug|Any CPU
		{489ACCAA-A7DA-4E88-AA0F-B4CB6D89AFC9}.Debug|Any CPU.Build.0 = Debug|Any CPU
		{489ACCAA-A7DA-4E88-AA0F-B4CB6D89AFC9}.Release|Any CPU.ActiveCfg = Release|Any CPU
		{489ACCAA-A7DA-4E88-AA0F-B4CB6D89AFC9}.Release|Any CPU.Build.0 = Release|Any CPU
		{4A08CA3A-AC3B-488E-B423-8C843C8E73CE}.Debug|Any CPU.ActiveCfg = Debug|Any CPU
		{4A08CA3A-AC3B-488E-B423-8C843C8E73CE}.Debug|Any CPU.Build.0 = Debug|Any CPU
		{4A08CA3A-AC3B-488E-B423-8C843C8E73CE}.Release|Any CPU.ActiveCfg = Release|Any CPU
		{4A08CA3A-AC3B-488E-B423-8C843C8E73CE}.Release|Any CPU.Build.0 = Release|Any CPU
		{E1C63902-A817-47DF-84B6-FA6D1B9B0920}.Debug|Any CPU.ActiveCfg = Debug|Any CPU
		{E1C63902-A817-47DF-84B6-FA6D1B9B0920}.Debug|Any CPU.Build.0 = Debug|Any CPU
		{E1C63902-A817-47DF-84B6-FA6D1B9B0920}.Release|Any CPU.ActiveCfg = Release|Any CPU
		{E1C63902-A817-47DF-84B6-FA6D1B9B0920}.Release|Any CPU.Build.0 = Release|Any CPU
	EndGlobalSection
	GlobalSection(SolutionProperties) = preSolution
		HideSolutionNode = FALSE
	EndGlobalSection
	GlobalSection(ExtensibilityGlobals) = postSolution
		SolutionGuid = {676DEAC4-CEF0-477C-8385-53890B3DBBF2}
	EndGlobalSection
EndGlobal
